version = 1
revision = 2
requires-python = ">=3.13"

[[package]]
name = "cffi"
version = "1.17.1"
source = { registry = "https://pypi.org/simple" }
dependencies = [
    { name = "pycparser" },
]
sdist = { url = "https://files.pythonhosted.org/packages/fc/97/c783634659c2920c3fc70419e3af40972dbaf758daa229a7d6ea6135c90d/cffi-1.17.1.tar.gz", hash = "sha256:1c39c6016c32bc48dd54561950ebd6836e1670f2ae46128f67cf49e789c52824", size = 516621, upload-time = "2024-09-04T20:45:21.852Z" }
wheels = [
    { url = "https://files.pythonhosted.org/packages/8d/f8/dd6c246b148639254dad4d6803eb6a54e8c85c6e11ec9df2cffa87571dbe/cffi-1.17.1-cp313-cp313-macosx_10_13_x86_64.whl", hash = "sha256:f3a2b4222ce6b60e2e8b337bb9596923045681d71e5a082783484d845390938e", size = 182989, upload-time = "2024-09-04T20:44:28.956Z" },
    { url = "https://files.pythonhosted.org/packages/8b/f1/672d303ddf17c24fc83afd712316fda78dc6fce1cd53011b839483e1ecc8/cffi-1.17.1-cp313-cp313-macosx_11_0_arm64.whl", hash = "sha256:0984a4925a435b1da406122d4d7968dd861c1385afe3b45ba82b750f229811e2", size = 178802, upload-time = "2024-09-04T20:44:30.289Z" },
    { url = "https://files.pythonhosted.org/packages/0e/2d/eab2e858a91fdff70533cab61dcff4a1f55ec60425832ddfdc9cd36bc8af/cffi-1.17.1-cp313-cp313-manylinux_2_12_i686.manylinux2010_i686.manylinux_2_17_i686.manylinux2014_i686.whl", hash = "sha256:d01b12eeeb4427d3110de311e1774046ad344f5b1a7403101878976ecd7a10f3", size = 454792, upload-time = "2024-09-04T20:44:32.01Z" },
    { url = "https://files.pythonhosted.org/packages/75/b2/fbaec7c4455c604e29388d55599b99ebcc250a60050610fadde58932b7ee/cffi-1.17.1-cp313-cp313-manylinux_2_17_aarch64.manylinux2014_aarch64.whl", hash = "sha256:706510fe141c86a69c8ddc029c7910003a17353970cff3b904ff0686a5927683", size = 478893, upload-time = "2024-09-04T20:44:33.606Z" },
    { url = "https://files.pythonhosted.org/packages/4f/b7/6e4a2162178bf1935c336d4da8a9352cccab4d3a5d7914065490f08c0690/cffi-1.17.1-cp313-cp313-manylinux_2_17_ppc64le.manylinux2014_ppc64le.whl", hash = "sha256:de55b766c7aa2e2a3092c51e0483d700341182f08e67c63630d5b6f200bb28e5", size = 485810, upload-time = "2024-09-04T20:44:35.191Z" },
    { url = "https://files.pythonhosted.org/packages/c7/8a/1d0e4a9c26e54746dc08c2c6c037889124d4f59dffd853a659fa545f1b40/cffi-1.17.1-cp313-cp313-manylinux_2_17_s390x.manylinux2014_s390x.whl", hash = "sha256:c59d6e989d07460165cc5ad3c61f9fd8f1b4796eacbd81cee78957842b834af4", size = 471200, upload-time = "2024-09-04T20:44:36.743Z" },
    { url = "https://files.pythonhosted.org/packages/26/9f/1aab65a6c0db35f43c4d1b4f580e8df53914310afc10ae0397d29d697af4/cffi-1.17.1-cp313-cp313-manylinux_2_17_x86_64.manylinux2014_x86_64.whl", hash = "sha256:dd398dbc6773384a17fe0d3e7eeb8d1a21c2200473ee6806bb5e6a8e62bb73dd", size = 479447, upload-time = "2024-09-04T20:44:38.492Z" },
    { url = "https://files.pythonhosted.org/packages/5f/e4/fb8b3dd8dc0e98edf1135ff067ae070bb32ef9d509d6cb0f538cd6f7483f/cffi-1.17.1-cp313-cp313-musllinux_1_1_aarch64.whl", hash = "sha256:3edc8d958eb099c634dace3c7e16560ae474aa3803a5df240542b305d14e14ed", size = 484358, upload-time = "2024-09-04T20:44:40.046Z" },
    { url = "https://files.pythonhosted.org/packages/f1/47/d7145bf2dc04684935d57d67dff9d6d795b2ba2796806bb109864be3a151/cffi-1.17.1-cp313-cp313-musllinux_1_1_x86_64.whl", hash = "sha256:72e72408cad3d5419375fc87d289076ee319835bdfa2caad331e377589aebba9", size = 488469, upload-time = "2024-09-04T20:44:41.616Z" },
    { url = "https://files.pythonhosted.org/packages/bf/ee/f94057fa6426481d663b88637a9a10e859e492c73d0384514a17d78ee205/cffi-1.17.1-cp313-cp313-win32.whl", hash = "sha256:e03eab0a8677fa80d646b5ddece1cbeaf556c313dcfac435ba11f107ba117b5d", size = 172475, upload-time = "2024-09-04T20:44:43.733Z" },
    { url = "https://files.pythonhosted.org/packages/7c/fc/6a8cb64e5f0324877d503c854da15d76c1e50eb722e320b15345c4d0c6de/cffi-1.17.1-cp313-cp313-win_amd64.whl", hash = "sha256:f6a16c31041f09ead72d69f583767292f750d24913dadacf5756b966aacb3f1a", size = 182009, upload-time = "2024-09-04T20:44:45.309Z" },
]

[[package]]
name = "pycparser"
version = "2.22"
source = { registry = "https://pypi.org/simple" }
sdist = { url = "https://files.pythonhosted.org/packages/1d/b2/31537cf4b1ca988837256c910a668b553fceb8f069bedc4b1c826024b52c/pycparser-2.22.tar.gz", hash = "sha256:491c8be9c040f5390f5bf44a5b07752bd07f56edf992381b05c701439eec10f6", size = 172736, upload-time = "2024-03-30T13:22:22.564Z" }
wheels = [
    { url = "https://files.pythonhosted.org/packages/13/a3/a812df4e2dd5696d1f351d58b8fe16a405b234ad2886a0dab9183fb78109/pycparser-2.22-py3-none-any.whl", hash = "sha256:c3702b6d3dd8c7abc1afa565d7e63d53a1d0bd86cdc24edd75470f4de499cfcc", size = 117552, upload-time = "2024-03-30T13:22:20.476Z" },
]

[[package]]
name = "pyshapedraw"
version = "0.1.0"
source = { virtual = "." }
dependencies = [
    { name = "raylib" },
]

[package.dev-dependencies]
dev = [
    { name = "ruff" },
]

[package.metadata]
requires-dist = [{ name = "raylib", specifier = ">=5.5.0.2" }]

[package.metadata.requires-dev]
dev = [{ name = "ruff", specifier = ">=0.11.12" }]

[[package]]
name = "raylib"
version = "5.5.0.2"
source = { registry = "https://pypi.org/simple" }
dependencies = [
    { name = "cffi" },
]
sdist = { url = "https://files.pythonhosted.org/packages/8c/35/9bf3a2af73c55fd4310dcaec4f997c739888e0db9b4dfac71b7680810852/raylib-5.5.0.2.tar.gz", hash = "sha256:83c108ae3b4af40b53c93d1de2afbe309e986dd5efeb280ebe2e61c79956edb0", size = 181172, upload-time = "2024-11-26T11:12:02.791Z" }
wheels = [
    { url = "https://files.pythonhosted.org/packages/ba/0a/78edc3ed1e2ca7e2ccea31ac5a8f4440a924662ee1042ecb76e08f465d8a/raylib-5.5.0.2-cp313-cp313-macosx_10_13_x86_64.whl", hash = "sha256:2bfa9419a12eeb259f99c75c351db167968306295a5017cd4735241eaf2fa399", size = 1706104, upload-time = "2024-11-26T11:09:53.571Z" },
    { url = "https://files.pythonhosted.org/packages/48/fb/8b79a03c0d63bd6613d3e25df26d6c42fe36689f052abefa00a311be53fc/raylib-5.5.0.2-cp313-cp313-macosx_14_0_arm64.whl", hash = "sha256:216456d0fa8da85c253a8596ca4b35c995bbf8af0fb8fa5244a4c6f5debfe294", size = 1248018, upload-time = "2024-11-26T11:09:56.257Z" },
    { url = "https://files.pythonhosted.org/packages/57/42/8ef2a8e21a2b4ba7ac4ea13b1dd9bc5d1084020ddca06ad0c6582c784a4e/raylib-5.5.0.2-cp313-cp313-manylinux2014_x86_64.whl", hash = "sha256:4f1c33b7d2404e70dbf3dd8d71701efb24902adfcb553122bf3d9441ea4fd6f0", size = 2299336, upload-time = "2024-11-26T11:09:59.307Z" },
    { url = "https://files.pythonhosted.org/packages/b4/67/4c25526fde4dabf5cc60093202f8d07a7dc4b1bd29d7b84db55b443a527c/raylib-5.5.0.2-cp313-cp313-win_amd64.whl", hash = "sha256:6b60c97a9f6cfaeef4f59ff162ea29f02c18282d129edebb62f132b2ad6bb935", size = 1696790, upload-time = "2024-11-26T11:10:01.812Z" },
]

[[package]]
name = "ruff"
version = "0.11.12"
source = { registry = "https://pypi.org/simple" }
sdist = { url = "https://files.pythonhosted.org/packages/15/0a/92416b159ec00cdf11e5882a9d80d29bf84bba3dbebc51c4898bfbca1da6/ruff-0.11.12.tar.gz", hash = "sha256:43cf7f69c7d7c7d7513b9d59c5d8cafd704e05944f978614aa9faff6ac202603", size = 4202289, upload-time = "2025-05-29T13:31:40.037Z" }
wheels = [
    { url = "https://files.pythonhosted.org/packages/60/cc/53eb79f012d15e136d40a8e8fc519ba8f55a057f60b29c2df34efd47c6e3/ruff-0.11.12-py3-none-linux_armv6l.whl", hash = "sha256:c7680aa2f0d4c4f43353d1e72123955c7a2159b8646cd43402de6d4a3a25d7cc", size = 10285597, upload-time = "2025-05-29T13:30:57.539Z" },
    { url = "https://files.pythonhosted.org/packages/e7/d7/73386e9fb0232b015a23f62fea7503f96e29c29e6c45461d4a73bac74df9/ruff-0.11.12-py3-none-macosx_10_12_x86_64.whl", hash = "sha256:2cad64843da9f134565c20bcc430642de897b8ea02e2e79e6e02a76b8dcad7c3", size = 11053154, upload-time = "2025-05-29T13:31:00.865Z" },
    { url = "https://files.pythonhosted.org/packages/4e/eb/3eae144c5114e92deb65a0cb2c72326c8469e14991e9bc3ec0349da1331c/ruff-0.11.12-py3-none-macosx_11_0_arm64.whl", hash = "sha256:9b6886b524a1c659cee1758140138455d3c029783d1b9e643f3624a5ee0cb0aa", size = 10403048, upload-time = "2025-05-29T13:31:03.413Z" },
    { url = "https://files.pythonhosted.org/packages/29/64/20c54b20e58b1058db6689e94731f2a22e9f7abab74e1a758dfba058b6ca/ruff-0.11.12-py3-none-manylinux_2_17_aarch64.manylinux2014_aarch64.whl", hash = "sha256:3cc3a3690aad6e86c1958d3ec3c38c4594b6ecec75c1f531e84160bd827b2012", size = 10597062, upload-time = "2025-05-29T13:31:05.539Z" },
    { url = "https://files.pythonhosted.org/packages/29/3a/79fa6a9a39422a400564ca7233a689a151f1039110f0bbbabcb38106883a/ruff-0.11.12-py3-none-manylinux_2_17_armv7l.manylinux2014_armv7l.whl", hash = "sha256:f97fdbc2549f456c65b3b0048560d44ddd540db1f27c778a938371424b49fe4a", size = 10155152, upload-time = "2025-05-29T13:31:07.986Z" },
    { url = "https://files.pythonhosted.org/packages/e5/a4/22c2c97b2340aa968af3a39bc38045e78d36abd4ed3fa2bde91c31e712e3/ruff-0.11.12-py3-none-manylinux_2_17_i686.manylinux2014_i686.whl", hash = "sha256:74adf84960236961090e2d1348c1a67d940fd12e811a33fb3d107df61eef8fc7", size = 11723067, upload-time = "2025-05-29T13:31:10.57Z" },
    { url = "https://files.pythonhosted.org/packages/bc/cf/3e452fbd9597bcd8058856ecd42b22751749d07935793a1856d988154151/ruff-0.11.12-py3-none-manylinux_2_17_ppc64.manylinux2014_ppc64.whl", hash = "sha256:b56697e5b8bcf1d61293ccfe63873aba08fdbcbbba839fc046ec5926bdb25a3a", size = 12460807, upload-time = "2025-05-29T13:31:12.88Z" },
    { url = "https://files.pythonhosted.org/packages/2f/ec/8f170381a15e1eb7d93cb4feef8d17334d5a1eb33fee273aee5d1f8241a3/ruff-0.11.12-py3-none-manylinux_2_17_ppc64le.manylinux2014_ppc64le.whl", hash = "sha256:4d47afa45e7b0eaf5e5969c6b39cbd108be83910b5c74626247e366fd7a36a13", size = 12063261, upload-time = "2025-05-29T13:31:15.236Z" },
    { url = "https://files.pythonhosted.org/packages/0d/bf/57208f8c0a8153a14652a85f4116c0002148e83770d7a41f2e90b52d2b4e/ruff-0.11.12-py3-none-manylinux_2_17_s390x.manylinux2014_s390x.whl", hash = "sha256:692bf9603fe1bf949de8b09a2da896f05c01ed7a187f4a386cdba6760e7f61be", size = 11329601, upload-time = "2025-05-29T13:31:18.68Z" },
    { url = "https://files.pythonhosted.org/packages/c3/56/edf942f7fdac5888094d9ffa303f12096f1a93eb46570bcf5f14c0c70880/ruff-0.11.12-py3-none-manylinux_2_17_x86_64.manylinux2014_x86_64.whl", hash = "sha256:08033320e979df3b20dba567c62f69c45e01df708b0f9c83912d7abd3e0801cd", size = 11522186, upload-time = "2025-05-29T13:31:21.216Z" },
    { url = "https://files.pythonhosted.org/packages/ed/63/79ffef65246911ed7e2290aeece48739d9603b3a35f9529fec0fc6c26400/ruff-0.11.12-py3-none-musllinux_1_2_aarch64.whl", hash = "sha256:929b7706584f5bfd61d67d5070f399057d07c70585fa8c4491d78ada452d3bef", size = 10449032, upload-time = "2025-05-29T13:31:23.417Z" },
    { url = "https://files.pythonhosted.org/packages/88/19/8c9d4d8a1c2a3f5a1ea45a64b42593d50e28b8e038f1aafd65d6b43647f3/ruff-0.11.12-py3-none-musllinux_1_2_armv7l.whl", hash = "sha256:7de4a73205dc5756b8e09ee3ed67c38312dce1aa28972b93150f5751199981b5", size = 10129370, upload-time = "2025-05-29T13:31:25.777Z" },
    { url = "https://files.pythonhosted.org/packages/bc/0f/2d15533eaa18f460530a857e1778900cd867ded67f16c85723569d54e410/ruff-0.11.12-py3-none-musllinux_1_2_i686.whl", hash = "sha256:2635c2a90ac1b8ca9e93b70af59dfd1dd2026a40e2d6eebaa3efb0465dd9cf02", size = 11123529, upload-time = "2025-05-29T13:31:28.396Z" },
    { url = "https://files.pythonhosted.org/packages/4f/e2/4c2ac669534bdded835356813f48ea33cfb3a947dc47f270038364587088/ruff-0.11.12-py3-none-musllinux_1_2_x86_64.whl", hash = "sha256:d05d6a78a89166f03f03a198ecc9d18779076ad0eec476819467acb401028c0c", size = 11577642, upload-time = "2025-05-29T13:31:30.647Z" },
    { url = "https://files.pythonhosted.org/packages/a7/9b/c9ddf7f924d5617a1c94a93ba595f4b24cb5bc50e98b94433ab3f7ad27e5/ruff-0.11.12-py3-none-win32.whl", hash = "sha256:f5a07f49767c4be4772d161bfc049c1f242db0cfe1bd976e0f0886732a4765d6", size = 10475511, upload-time = "2025-05-29T13:31:32.917Z" },
    { url = "https://files.pythonhosted.org/packages/fd/d6/74fb6d3470c1aada019ffff33c0f9210af746cca0a4de19a1f10ce54968a/ruff-0.11.12-py3-none-win_amd64.whl", hash = "sha256:5a4d9f8030d8c3a45df201d7fb3ed38d0219bccd7955268e863ee4a115fa0832", size = 11523573, upload-time = "2025-05-29T13:31:35.782Z" },
    { url = "https://files.pythonhosted.org/packages/44/42/d58086ec20f52d2b0140752ae54b355ea2be2ed46f914231136dd1effcc7/ruff-0.11.12-py3-none-win_arm64.whl", hash = "sha256:65194e37853158d368e333ba282217941029a28ea90913c67e558c611d04daa5", size = 10697770, upload-time = "2025-05-29T13:31:38.009Z" },
]
